
Microsoft Visual Studio Solution File, Format Version 11.00
# Visual Studio 2010
Project("{FAE04EC0-301F-11D3-BF4B-00C04F79EFBC}") = "Restorder", "Restorder\Restorder.csproj", "{6ed95d6c-042c-45f0-a444-322cf1e51a28}"
EndProject
Global
	GlobalSection(SolutionConfigurationPlatforms) = preSolution
		Debug|Any CPU = Debug|Any CPU
		Release|Any CPU = Release|Any CPU
	EndGlobalSection
	GlobalSection(ProjectConfigurationPlatforms) = postSolution
		{6ED95D6C-042C-45F0-A444-322CF1E51A28}.Debug|Any CPU.ActiveCfg = Debug|Any CPU
		{6ED95D6C-042C-45F0-A444-322CF1E51A28}.Debug|Any CPU.Build.0 = Debug|Any CPU
		{6ED95D6C-042C-45F0-A444-322CF1E51A28}.Release|Any CPU.ActiveCfg = Release|Any CPU
		{6ED95D6C-042C-45F0-A444-322CF1E51A28}.Release|Any CPU.Build.0 = Release|Any CPU
	EndGlobalSection
EndGlobal
